{
  "version": 4,
  "terraform_version": "0.12.25",
  "serial": 73,
  "lineage": "db7c4221-58eb-04a4-6735-48af28733569",
  "outputs": {
    "MyHelloTerraform": {
      "value": "This is my first hello in terraform",
      "type": "string"
    }
  },
  "resources": [
    {
      "mode": "managed",
      "type": "openstack_compute_instance_v2",
      "name": "haproxy",
      "each": "list",
      "provider": "provider.openstack",
      "instances": [
        {
          "index_key": 0,
          "schema_version": 0,
          "attributes": {
            "access_ip_v4": "172.16.139.200",
            "access_ip_v6": "",
            "admin_pass": null,
            "all_metadata": {},
            "all_tags": [],
            "availability_zone": "nova",
            "availability_zone_hints": null,
            "block_device": [],
            "config_drive": null,
            "flavor_id": "4cf0e1d6-a8df-451b-bdb1-988b5e1b411f",
            "flavor_name": "b1.nano",
            "floating_ip": null,
            "force_delete": false,
            "id": "f02b6b25-7eaf-4d73-832c-4cc7de597a85",
            "image_id": "0b8d36b6-ef75-4a88-b286-1036afd31703",
            "image_name": "Ubuntu-18.04",
            "key_pair": "jump-host",
            "metadata": null,
            "name": "haproxy-1",
            "network": [
              {
                "access_network": false,
                "fixed_ip_v4": "172.16.139.200",
                "fixed_ip_v6": "",
                "floating_ip": "",
                "mac": "fa:16:3e:7c:3a:ce",
                "name": "External-Network",
                "port": "",
                "uuid": "4a24fc3e-3d69-41f7-9c3d-007fa316eb9b"
              },
              {
                "access_network": false,
                "fixed_ip_v4": "10.10.0.217",
                "fixed_ip_v6": "",
                "floating_ip": "",
                "mac": "fa:16:3e:0d:c6:02",
                "name": "webserver_network",
                "port": "",
                "uuid": "b8eceb30-de0a-46c8-a762-57ef4deff016"
              }
            ],
            "personality": [],
            "power_state": "active",
            "region": "RegionOne",
            "scheduler_hints": [],
            "security_groups": [
              "default"
            ],
            "stop_before_destroy": false,
            "tags": null,
            "timeouts": null,
            "user_data": null,
            "vendor_options": [],
            "volume": []
          },
          "private": "eyJlMmJmYjczMC1lY2FhLTExZTYtOGY4OC0zNDM2M2JjN2M0YzAiOnsiY3JlYXRlIjoxODAwMDAwMDAwMDAwLCJkZWxldGUiOjE4MDAwMDAwMDAwMDAsInVwZGF0ZSI6MTgwMDAwMDAwMDAwMH19",
          "dependencies": [
            "openstack_networking_subnet_v2.webserver_subnet"
          ]
        },
        {
          "index_key": 1,
          "schema_version": 0,
          "attributes": {
            "access_ip_v4": "172.16.139.100",
            "access_ip_v6": "",
            "admin_pass": null,
            "all_metadata": {},
            "all_tags": [],
            "availability_zone": "nova",
            "availability_zone_hints": null,
            "block_device": [],
            "config_drive": null,
            "flavor_id": "4cf0e1d6-a8df-451b-bdb1-988b5e1b411f",
            "flavor_name": "b1.nano",
            "floating_ip": null,
            "force_delete": false,
            "id": "a7203b5b-d1a9-4c70-b940-c122e070601a",
            "image_id": "0b8d36b6-ef75-4a88-b286-1036afd31703",
            "image_name": "Ubuntu-18.04",
            "key_pair": "jump-host",
            "metadata": null,
            "name": "haproxy-2",
            "network": [
              {
                "access_network": false,
                "fixed_ip_v4": "172.16.139.100",
                "fixed_ip_v6": "",
                "floating_ip": "",
                "mac": "fa:16:3e:26:e2:f5",
                "name": "External-Network",
                "port": "",
                "uuid": "4a24fc3e-3d69-41f7-9c3d-007fa316eb9b"
              },
              {
                "access_network": false,
                "fixed_ip_v4": "10.10.0.102",
                "fixed_ip_v6": "",
                "floating_ip": "",
                "mac": "fa:16:3e:67:19:4b",
                "name": "webserver_network",
                "port": "",
                "uuid": "b8eceb30-de0a-46c8-a762-57ef4deff016"
              }
            ],
            "personality": [],
            "power_state": "active",
            "region": "RegionOne",
            "scheduler_hints": [],
            "security_groups": [
              "default"
            ],
            "stop_before_destroy": false,
            "tags": null,
            "timeouts": null,
            "user_data": null,
            "vendor_options": [],
            "volume": []
          },
          "private": "eyJlMmJmYjczMC1lY2FhLTExZTYtOGY4OC0zNDM2M2JjN2M0YzAiOnsiY3JlYXRlIjoxODAwMDAwMDAwMDAwLCJkZWxldGUiOjE4MDAwMDAwMDAwMDAsInVwZGF0ZSI6MTgwMDAwMDAwMDAwMH19",
          "dependencies": [
            "openstack_networking_subnet_v2.webserver_subnet"
          ]
        }
      ]
    },
    {
      "mode": "managed",
      "type": "openstack_compute_instance_v2",
      "name": "webserver",
      "each": "list",
      "provider": "provider.openstack",
      "instances": [
        {
          "index_key": 0,
          "schema_version": 0,
          "attributes": {
            "access_ip_v4": "10.10.0.252",
            "access_ip_v6": "",
            "admin_pass": null,
            "all_metadata": {},
            "all_tags": [],
            "availability_zone": "nova",
            "availability_zone_hints": null,
            "block_device": [],
            "config_drive": null,
            "flavor_id": "4cf0e1d6-a8df-451b-bdb1-988b5e1b411f",
            "flavor_name": "b1.nano",
            "floating_ip": null,
            "force_delete": false,
            "id": "0405338b-ac4b-4b89-b96c-7b0a0d1ee787",
            "image_id": "0b8d36b6-ef75-4a88-b286-1036afd31703",
            "image_name": "Ubuntu-18.04",
            "key_pair": "jump-host",
            "metadata": null,
            "name": "webserver-1",
            "network": [
              {
                "access_network": false,
                "fixed_ip_v4": "10.10.0.252",
                "fixed_ip_v6": "",
                "floating_ip": "",
                "mac": "fa:16:3e:ec:e7:03",
                "name": "webserver_network",
                "port": "",
                "uuid": "b8eceb30-de0a-46c8-a762-57ef4deff016"
              }
            ],
            "personality": [],
            "power_state": "active",
            "region": "RegionOne",
            "scheduler_hints": [],
            "security_groups": [
              "default"
            ],
            "stop_before_destroy": false,
            "tags": null,
            "timeouts": null,
            "user_data": null,
            "vendor_options": [],
            "volume": []
          },
          "private": "eyJlMmJmYjczMC1lY2FhLTExZTYtOGY4OC0zNDM2M2JjN2M0YzAiOnsiY3JlYXRlIjoxODAwMDAwMDAwMDAwLCJkZWxldGUiOjE4MDAwMDAwMDAwMDAsInVwZGF0ZSI6MTgwMDAwMDAwMDAwMH19",
          "dependencies": [
            "openstack_networking_subnet_v2.webserver_subnet"
          ]
        },
        {
          "index_key": 1,
          "schema_version": 0,
          "attributes": {
            "access_ip_v4": "10.10.0.158",
            "access_ip_v6": "",
            "admin_pass": null,
            "all_metadata": {},
            "all_tags": [],
            "availability_zone": "nova",
            "availability_zone_hints": null,
            "block_device": [],
            "config_drive": null,
            "flavor_id": "4cf0e1d6-a8df-451b-bdb1-988b5e1b411f",
            "flavor_name": "b1.nano",
            "floating_ip": null,
            "force_delete": false,
            "id": "53703a1b-50e4-4f22-8409-11aa3508478d",
            "image_id": "0b8d36b6-ef75-4a88-b286-1036afd31703",
            "image_name": "Ubuntu-18.04",
            "key_pair": "jump-host",
            "metadata": null,
            "name": "webserver-2",
            "network": [
              {
                "access_network": false,
                "fixed_ip_v4": "10.10.0.158",
                "fixed_ip_v6": "",
                "floating_ip": "",
                "mac": "fa:16:3e:86:65:0a",
                "name": "webserver_network",
                "port": "",
                "uuid": "b8eceb30-de0a-46c8-a762-57ef4deff016"
              }
            ],
            "personality": [],
            "power_state": "active",
            "region": "RegionOne",
            "scheduler_hints": [],
            "security_groups": [
              "default"
            ],
            "stop_before_destroy": false,
            "tags": null,
            "timeouts": null,
            "user_data": null,
            "vendor_options": [],
            "volume": []
          },
          "private": "eyJlMmJmYjczMC1lY2FhLTExZTYtOGY4OC0zNDM2M2JjN2M0YzAiOnsiY3JlYXRlIjoxODAwMDAwMDAwMDAwLCJkZWxldGUiOjE4MDAwMDAwMDAwMDAsInVwZGF0ZSI6MTgwMDAwMDAwMDAwMH19",
          "dependencies": [
            "openstack_networking_subnet_v2.webserver_subnet"
          ]
        },
        {
          "index_key": 2,
          "schema_version": 0,
          "attributes": {
            "access_ip_v4": "10.10.0.54",
            "access_ip_v6": "",
            "admin_pass": null,
            "all_metadata": {},
            "all_tags": [],
            "availability_zone": "nova",
            "availability_zone_hints": null,
            "block_device": [],
            "config_drive": null,
            "flavor_id": "4cf0e1d6-a8df-451b-bdb1-988b5e1b411f",
            "flavor_name": "b1.nano",
            "floating_ip": null,
            "force_delete": false,
            "id": "d1b51807-5fae-4e65-a77d-f9f778534c7c",
            "image_id": "0b8d36b6-ef75-4a88-b286-1036afd31703",
            "image_name": "Ubuntu-18.04",
            "key_pair": "jump-host",
            "metadata": null,
            "name": "webserver-3",
            "network": [
              {
                "access_network": false,
                "fixed_ip_v4": "10.10.0.54",
                "fixed_ip_v6": "",
                "floating_ip": "",
                "mac": "fa:16:3e:db:01:e5",
                "name": "webserver_network",
                "port": "",
                "uuid": "b8eceb30-de0a-46c8-a762-57ef4deff016"
              }
            ],
            "personality": [],
            "power_state": "active",
            "region": "RegionOne",
            "scheduler_hints": [],
            "security_groups": [
              "default"
            ],
            "stop_before_destroy": false,
            "tags": null,
            "timeouts": null,
            "user_data": null,
            "vendor_options": [],
            "volume": []
          },
          "private": "eyJlMmJmYjczMC1lY2FhLTExZTYtOGY4OC0zNDM2M2JjN2M0YzAiOnsiY3JlYXRlIjoxODAwMDAwMDAwMDAwLCJkZWxldGUiOjE4MDAwMDAwMDAwMDAsInVwZGF0ZSI6MTgwMDAwMDAwMDAwMH19",
          "dependencies": [
            "openstack_networking_subnet_v2.webserver_subnet"
          ]
        },
        {
          "index_key": 3,
          "schema_version": 0,
          "attributes": {
            "access_ip_v4": "10.10.0.219",
            "access_ip_v6": "",
            "admin_pass": null,
            "all_metadata": {},
            "all_tags": [],
            "availability_zone": "nova",
            "availability_zone_hints": null,
            "block_device": [],
            "config_drive": null,
            "flavor_id": "4cf0e1d6-a8df-451b-bdb1-988b5e1b411f",
            "flavor_name": "b1.nano",
            "floating_ip": null,
            "force_delete": false,
            "id": "59dc83d6-cdf4-4b42-a014-8e7cec21e5b7",
            "image_id": "0b8d36b6-ef75-4a88-b286-1036afd31703",
            "image_name": "Ubuntu-18.04",
            "key_pair": "jump-host",
            "metadata": null,
            "name": "webserver-4",
            "network": [
              {
                "access_network": false,
                "fixed_ip_v4": "10.10.0.219",
                "fixed_ip_v6": "",
                "floating_ip": "",
                "mac": "fa:16:3e:c6:f1:70",
                "name": "webserver_network",
                "port": "",
                "uuid": "b8eceb30-de0a-46c8-a762-57ef4deff016"
              }
            ],
            "personality": [],
            "power_state": "active",
            "region": "RegionOne",
            "scheduler_hints": [],
            "security_groups": [
              "default"
            ],
            "stop_before_destroy": false,
            "tags": null,
            "timeouts": null,
            "user_data": null,
            "vendor_options": [],
            "volume": []
          },
          "private": "eyJlMmJmYjczMC1lY2FhLTExZTYtOGY4OC0zNDM2M2JjN2M0YzAiOnsiY3JlYXRlIjoxODAwMDAwMDAwMDAwLCJkZWxldGUiOjE4MDAwMDAwMDAwMDAsInVwZGF0ZSI6MTgwMDAwMDAwMDAwMH19",
          "dependencies": [
            "openstack_networking_subnet_v2.webserver_subnet"
          ]
        }
      ]
    },
    {
      "mode": "managed",
      "type": "openstack_networking_network_v2",
      "name": "webserver_network",
      "provider": "provider.openstack",
      "instances": [
        {
          "schema_version": 0,
          "attributes": {
            "admin_state_up": true,
            "all_tags": [],
            "availability_zone_hints": [],
            "description": "",
            "dns_domain": "",
            "external": false,
            "id": "b8eceb30-de0a-46c8-a762-57ef4deff016",
            "mtu": 1450,
            "name": "webserver_network",
            "port_security_enabled": true,
            "qos_policy_id": "",
            "region": "RegionOne",
            "segments": [],
            "shared": false,
            "tags": [],
            "tenant_id": "b17242a282c5491aa09842567c631702",
            "timeouts": null,
            "transparent_vlan": false,
            "value_specs": null
          },
          "private": "eyJlMmJmYjczMC1lY2FhLTExZTYtOGY4OC0zNDM2M2JjN2M0YzAiOnsiY3JlYXRlIjo2MDAwMDAwMDAwMDAsImRlbGV0ZSI6NjAwMDAwMDAwMDAwfX0="
        }
      ]
    },
    {
      "mode": "managed",
      "type": "openstack_networking_subnet_v2",
      "name": "webserver_subnet",
      "provider": "provider.openstack",
      "instances": [
        {
          "schema_version": 0,
          "attributes": {
            "all_tags": [],
            "allocation_pool": [
              {
                "end": "10.10.0.254",
                "start": "10.10.0.2"
              }
            ],
            "allocation_pools": [
              {
                "end": "10.10.0.254",
                "start": "10.10.0.2"
              }
            ],
            "cidr": "10.10.0.0/24",
            "description": "",
            "dns_nameservers": [],
            "enable_dhcp": true,
            "gateway_ip": "10.10.0.1",
            "host_routes": [],
            "id": "b80d5c70-4a0b-4132-9677-73a65a31fac1",
            "ip_version": 4,
            "ipv6_address_mode": "",
            "ipv6_ra_mode": "",
            "name": "webserver_subnet",
            "network_id": "b8eceb30-de0a-46c8-a762-57ef4deff016",
            "no_gateway": false,
            "prefix_length": null,
            "region": "RegionOne",
            "subnetpool_id": "",
            "tags": [],
            "tenant_id": "b17242a282c5491aa09842567c631702",
            "timeouts": null,
            "value_specs": null
          },
          "private": "eyJlMmJmYjczMC1lY2FhLTExZTYtOGY4OC0zNDM2M2JjN2M0YzAiOnsiY3JlYXRlIjo2MDAwMDAwMDAwMDAsImRlbGV0ZSI6NjAwMDAwMDAwMDAwfX0=",
          "dependencies": [
            "openstack_networking_network_v2.webserver_network"
          ]
        }
      ]
    }
  ]
}
