{
  "version": 4,
  "terraform_version": "0.12.25",
  "serial": 88,
  "lineage": "db7c4221-58eb-04a4-6735-48af28733569",
  "outputs": {
    "MyHelloTerraform": {
      "value": "This is my first hello in terraform",
      "type": "string"
    }
  },
  "resources": [
    {
      "mode": "managed",
      "type": "openstack_compute_instance_v2",
      "name": "haproxy",
      "each": "list",
      "provider": "provider.openstack",
      "instances": [
        {
          "index_key": 0,
          "schema_version": 0,
          "attributes": {
            "access_ip_v4": "172.16.139.217",
            "access_ip_v6": "",
            "admin_pass": null,
            "all_metadata": {},
            "all_tags": [],
            "availability_zone": "nova",
            "availability_zone_hints": null,
            "block_device": [],
            "config_drive": null,
            "flavor_id": "4cf0e1d6-a8df-451b-bdb1-988b5e1b411f",
            "flavor_name": "b1.nano",
            "floating_ip": null,
            "force_delete": false,
            "id": "e2cc885d-ab69-4288-a542-0d34206cb581",
            "image_id": "0b8d36b6-ef75-4a88-b286-1036afd31703",
            "image_name": "Ubuntu-18.04",
            "key_pair": "jump-host",
            "metadata": null,
            "name": "haproxy-1",
            "network": [
              {
                "access_network": false,
                "fixed_ip_v4": "172.16.139.217",
                "fixed_ip_v6": "",
                "floating_ip": "",
                "mac": "fa:16:3e:a5:95:18",
                "name": "External-Network",
                "port": "",
                "uuid": "4a24fc3e-3d69-41f7-9c3d-007fa316eb9b"
              }
            ],
            "personality": [],
            "power_state": "active",
            "region": "RegionOne",
            "scheduler_hints": [],
            "security_groups": [
              "default"
            ],
            "stop_before_destroy": false,
            "tags": null,
            "timeouts": null,
            "user_data": null,
            "vendor_options": [],
            "volume": []
          },
          "private": "eyJlMmJmYjczMC1lY2FhLTExZTYtOGY4OC0zNDM2M2JjN2M0YzAiOnsiY3JlYXRlIjoxODAwMDAwMDAwMDAwLCJkZWxldGUiOjE4MDAwMDAwMDAwMDAsInVwZGF0ZSI6MTgwMDAwMDAwMDAwMH19"
        },
        {
          "index_key": 1,
          "schema_version": 0,
          "attributes": {
            "access_ip_v4": "172.16.139.27",
            "access_ip_v6": "",
            "admin_pass": null,
            "all_metadata": {},
            "all_tags": [],
            "availability_zone": "nova",
            "availability_zone_hints": null,
            "block_device": [],
            "config_drive": null,
            "flavor_id": "4cf0e1d6-a8df-451b-bdb1-988b5e1b411f",
            "flavor_name": "b1.nano",
            "floating_ip": null,
            "force_delete": false,
            "id": "abe0514a-7ef7-4e80-9b93-272a195aa8fe",
            "image_id": "0b8d36b6-ef75-4a88-b286-1036afd31703",
            "image_name": "Ubuntu-18.04",
            "key_pair": "jump-host",
            "metadata": null,
            "name": "haproxy-2",
            "network": [
              {
                "access_network": false,
                "fixed_ip_v4": "172.16.139.27",
                "fixed_ip_v6": "",
                "floating_ip": "",
                "mac": "fa:16:3e:54:02:ea",
                "name": "External-Network",
                "port": "",
                "uuid": "4a24fc3e-3d69-41f7-9c3d-007fa316eb9b"
              }
            ],
            "personality": [],
            "power_state": "active",
            "region": "RegionOne",
            "scheduler_hints": [],
            "security_groups": [
              "default"
            ],
            "stop_before_destroy": false,
            "tags": null,
            "timeouts": null,
            "user_data": null,
            "vendor_options": [],
            "volume": []
          },
          "private": "eyJlMmJmYjczMC1lY2FhLTExZTYtOGY4OC0zNDM2M2JjN2M0YzAiOnsiY3JlYXRlIjoxODAwMDAwMDAwMDAwLCJkZWxldGUiOjE4MDAwMDAwMDAwMDAsInVwZGF0ZSI6MTgwMDAwMDAwMDAwMH19"
        }
      ]
    },
    {
      "mode": "managed",
      "type": "openstack_compute_instance_v2",
      "name": "webserver",
      "each": "list",
      "provider": "provider.openstack",
      "instances": [
        {
          "index_key": 0,
          "schema_version": 0,
          "attributes": {
            "access_ip_v4": "172.16.139.182",
            "access_ip_v6": "",
            "admin_pass": null,
            "all_metadata": {},
            "all_tags": [],
            "availability_zone": "nova",
            "availability_zone_hints": null,
            "block_device": [],
            "config_drive": null,
            "flavor_id": "4cf0e1d6-a8df-451b-bdb1-988b5e1b411f",
            "flavor_name": "b1.nano",
            "floating_ip": null,
            "force_delete": false,
            "id": "3a60028d-e27d-4aa1-992d-64e5caed80e8",
            "image_id": "0b8d36b6-ef75-4a88-b286-1036afd31703",
            "image_name": "Ubuntu-18.04",
            "key_pair": "jump-host",
            "metadata": null,
            "name": "webserver-1",
            "network": [
              {
                "access_network": false,
                "fixed_ip_v4": "172.16.139.182",
                "fixed_ip_v6": "",
                "floating_ip": "",
                "mac": "fa:16:3e:12:2d:22",
                "name": "External-Network",
                "port": "",
                "uuid": "4a24fc3e-3d69-41f7-9c3d-007fa316eb9b"
              }
            ],
            "personality": [],
            "power_state": "active",
            "region": "RegionOne",
            "scheduler_hints": [],
            "security_groups": [
              "default"
            ],
            "stop_before_destroy": false,
            "tags": null,
            "timeouts": null,
            "user_data": null,
            "vendor_options": [],
            "volume": []
          },
          "private": "eyJlMmJmYjczMC1lY2FhLTExZTYtOGY4OC0zNDM2M2JjN2M0YzAiOnsiY3JlYXRlIjoxODAwMDAwMDAwMDAwLCJkZWxldGUiOjE4MDAwMDAwMDAwMDAsInVwZGF0ZSI6MTgwMDAwMDAwMDAwMH19"
        },
        {
          "index_key": 1,
          "schema_version": 0,
          "attributes": {
            "access_ip_v4": "172.16.139.229",
            "access_ip_v6": "",
            "admin_pass": null,
            "all_metadata": {},
            "all_tags": [],
            "availability_zone": "nova",
            "availability_zone_hints": null,
            "block_device": [],
            "config_drive": null,
            "flavor_id": "4cf0e1d6-a8df-451b-bdb1-988b5e1b411f",
            "flavor_name": "b1.nano",
            "floating_ip": null,
            "force_delete": false,
            "id": "464e495a-3d39-47a2-a983-6ec0535ae402",
            "image_id": "0b8d36b6-ef75-4a88-b286-1036afd31703",
            "image_name": "Ubuntu-18.04",
            "key_pair": "jump-host",
            "metadata": null,
            "name": "webserver-2",
            "network": [
              {
                "access_network": false,
                "fixed_ip_v4": "172.16.139.229",
                "fixed_ip_v6": "",
                "floating_ip": "",
                "mac": "fa:16:3e:f9:ff:0f",
                "name": "External-Network",
                "port": "",
                "uuid": "4a24fc3e-3d69-41f7-9c3d-007fa316eb9b"
              }
            ],
            "personality": [],
            "power_state": "active",
            "region": "RegionOne",
            "scheduler_hints": [],
            "security_groups": [
              "default"
            ],
            "stop_before_destroy": false,
            "tags": null,
            "timeouts": null,
            "user_data": null,
            "vendor_options": [],
            "volume": []
          },
          "private": "eyJlMmJmYjczMC1lY2FhLTExZTYtOGY4OC0zNDM2M2JjN2M0YzAiOnsiY3JlYXRlIjoxODAwMDAwMDAwMDAwLCJkZWxldGUiOjE4MDAwMDAwMDAwMDAsInVwZGF0ZSI6MTgwMDAwMDAwMDAwMH19"
        },
        {
          "index_key": 2,
          "schema_version": 0,
          "attributes": {
            "access_ip_v4": "172.16.139.20",
            "access_ip_v6": "",
            "admin_pass": null,
            "all_metadata": {},
            "all_tags": [],
            "availability_zone": "nova",
            "availability_zone_hints": null,
            "block_device": [],
            "config_drive": null,
            "flavor_id": "4cf0e1d6-a8df-451b-bdb1-988b5e1b411f",
            "flavor_name": "b1.nano",
            "floating_ip": null,
            "force_delete": false,
            "id": "619e85dc-f71c-4730-9471-63304f925f0d",
            "image_id": "0b8d36b6-ef75-4a88-b286-1036afd31703",
            "image_name": "Ubuntu-18.04",
            "key_pair": "jump-host",
            "metadata": null,
            "name": "webserver-3",
            "network": [
              {
                "access_network": false,
                "fixed_ip_v4": "172.16.139.20",
                "fixed_ip_v6": "",
                "floating_ip": "",
                "mac": "fa:16:3e:95:1d:92",
                "name": "External-Network",
                "port": "",
                "uuid": "4a24fc3e-3d69-41f7-9c3d-007fa316eb9b"
              }
            ],
            "personality": [],
            "power_state": "active",
            "region": "RegionOne",
            "scheduler_hints": [],
            "security_groups": [
              "default"
            ],
            "stop_before_destroy": false,
            "tags": null,
            "timeouts": null,
            "user_data": null,
            "vendor_options": [],
            "volume": []
          },
          "private": "eyJlMmJmYjczMC1lY2FhLTExZTYtOGY4OC0zNDM2M2JjN2M0YzAiOnsiY3JlYXRlIjoxODAwMDAwMDAwMDAwLCJkZWxldGUiOjE4MDAwMDAwMDAwMDAsInVwZGF0ZSI6MTgwMDAwMDAwMDAwMH19"
        },
        {
          "index_key": 3,
          "schema_version": 0,
          "attributes": {
            "access_ip_v4": "172.16.139.246",
            "access_ip_v6": "",
            "admin_pass": null,
            "all_metadata": {},
            "all_tags": [],
            "availability_zone": "nova",
            "availability_zone_hints": null,
            "block_device": [],
            "config_drive": null,
            "flavor_id": "4cf0e1d6-a8df-451b-bdb1-988b5e1b411f",
            "flavor_name": "b1.nano",
            "floating_ip": null,
            "force_delete": false,
            "id": "fd5e9d48-0756-40d2-a5a7-15629df4e7c2",
            "image_id": "0b8d36b6-ef75-4a88-b286-1036afd31703",
            "image_name": "Ubuntu-18.04",
            "key_pair": "jump-host",
            "metadata": null,
            "name": "webserver-4",
            "network": [
              {
                "access_network": false,
                "fixed_ip_v4": "172.16.139.246",
                "fixed_ip_v6": "",
                "floating_ip": "",
                "mac": "fa:16:3e:79:b9:9b",
                "name": "External-Network",
                "port": "",
                "uuid": "4a24fc3e-3d69-41f7-9c3d-007fa316eb9b"
              }
            ],
            "personality": [],
            "power_state": "active",
            "region": "RegionOne",
            "scheduler_hints": [],
            "security_groups": [
              "default"
            ],
            "stop_before_destroy": false,
            "tags": null,
            "timeouts": null,
            "user_data": null,
            "vendor_options": [],
            "volume": []
          },
          "private": "eyJlMmJmYjczMC1lY2FhLTExZTYtOGY4OC0zNDM2M2JjN2M0YzAiOnsiY3JlYXRlIjoxODAwMDAwMDAwMDAwLCJkZWxldGUiOjE4MDAwMDAwMDAwMDAsInVwZGF0ZSI6MTgwMDAwMDAwMDAwMH19"
        }
      ]
    }
  ]
}
